
Microsoft Visual Studio Solution File, Format Version 11.00
# Visual C# Express 2010
Project("{FAE04EC0-301F-11D3-BF4B-00C04F79EFBC}") = "Double dizilerde eleman sayısı bulma", "Double dizilerde eleman sayısı bulma\Double dizilerde eleman sayısı bulma.csproj", "{EF1D34E3-81C9-4401-A16E-F1C19E87B8BA}"
EndProject
Global
	GlobalSection(SolutionConfigurationPlatforms) = preSolution
		Debug|x86 = Debug|x86
		Release|x86 = Release|x86
	EndGlobalSection
	GlobalSection(ProjectConfigurationPlatforms) = postSolution
		{EF1D34E3-81C9-4401-A16E-F1C19E87B8BA}.Debug|x86.ActiveCfg = Debug|x86
		{EF1D34E3-81C9-4401-A16E-F1C19E87B8BA}.Debug|x86.Build.0 = Debug|x86
		{EF1D34E3-81C9-4401-A16E-F1C19E87B8BA}.Release|x86.ActiveCfg = Release|x86
		{EF1D34E3-81C9-4401-A16E-F1C19E87B8BA}.Release|x86.Build.0 = Release|x86
	EndGlobalSection
	GlobalSection(SolutionProperties) = preSolution
		HideSolutionNode = FALSE
	EndGlobalSection
EndGlobal
